
Microsoft Visual Studio Solution File, Format Version 12.00
# Visual Studio Version 17
VisualStudioVersion = 17.0.31912.275
MinimumVisualStudioVersion = 10.0.40219.1
Project("{F2A71F9B-5D33-465A-A702-920D77279786}") = "UpdateDNSBlockList", "UpdateDNSBlockList\UpdateDNSBlockList.fsproj", "{249AD452-1ADD-46C5-A1A3-7272C7D6D1CC}"
EndProject
Global
	GlobalSection(SolutionConfigurationPlatforms) = preSolution
		Debug|Any CPU = Debug|Any CPU
		Release|Any CPU = Release|Any CPU
	EndGlobalSection
	GlobalSection(ProjectConfigurationPlatforms) = postSolution
		{249AD452-1ADD-46C5-A1A3-7272C7D6D1CC}.Debug|Any CPU.ActiveCfg = Debug|Any CPU
		{249AD452-1ADD-46C5-A1A3-7272C7D6D1CC}.Debug|Any CPU.Build.0 = Debug|Any CPU
		{249AD452-1ADD-46C5-A1A3-7272C7D6D1CC}.Release|Any CPU.ActiveCfg = Release|Any CPU
		{249AD452-1ADD-46C5-A1A3-7272C7D6D1CC}.Release|Any CPU.Build.0 = Release|Any CPU
	EndGlobalSection
	GlobalSection(SolutionProperties) = preSolution
		HideSolutionNode = FALSE
	EndGlobalSection
	GlobalSection(ExtensibilityGlobals) = postSolution
		SolutionGuid = {866AF622-9F3E-4C96-B0A2-7925766C8A5C}
	EndGlobalSection
EndGlobal
